
Microsoft Visual Studio Solution File, Format Version 12.00
# Visual Studio 2013
VisualStudioVersion = 12.0.31101.0
MinimumVisualStudioVersion = 10.0.40219.1
Project("{FAE04EC0-301F-11D3-BF4B-00C04F79EFBC}") = "Patterns.Playground.AbstractFactory", "Patterns.Playground.AbstractFactory\Patterns.Playground.AbstractFactory.csproj", "{C8265B00-2B91-41AA-B520-1A3A2AE92398}"
EndProject
Global
	GlobalSection(SolutionConfigurationPlatforms) = preSolution
		Debug|Any CPU = Debug|Any CPU
		Release|Any CPU = Release|Any CPU
	EndGlobalSection
	GlobalSection(ProjectConfigurationPlatforms) = postSolution
		{C8265B00-2B91-41AA-B520-1A3A2AE92398}.Debug|Any CPU.ActiveCfg = Debug|Any CPU
		{C8265B00-2B91-41AA-B520-1A3A2AE92398}.Debug|Any CPU.Build.0 = Debug|Any CPU
		{C8265B00-2B91-41AA-B520-1A3A2AE92398}.Release|Any CPU.ActiveCfg = Release|Any CPU
		{C8265B00-2B91-41AA-B520-1A3A2AE92398}.Release|Any CPU.Build.0 = Release|Any CPU
	EndGlobalSection
	GlobalSection(SolutionProperties) = preSolution
		HideSolutionNode = FALSE
	EndGlobalSection
EndGlobal
